
Microsoft Visual Studio Solution File, Format Version 12.00
# Visual Studio Version 17
VisualStudioVersion = 17.14.36429.23 d17.14
MinimumVisualStudioVersion = 10.0.40219.1
Project("{FAE04EC0-301F-11D3-BF4B-00C04F79EFBC}") = "kuaförSistemiiii", "kuaförSistemiiii.csproj", "{38405811-E921-4CA0-9FF3-BE4880427F97}"
EndProject
Global
	GlobalSection(SolutionConfigurationPlatforms) = preSolution
		Debug|Any CPU = Debug|Any CPU
		Release|Any CPU = Release|Any CPU
	EndGlobalSection
	GlobalSection(ProjectConfigurationPlatforms) = postSolution
		{38405811-E921-4CA0-9FF3-BE4880427F97}.Debug|Any CPU.ActiveCfg = Debug|Any CPU
		{38405811-E921-4CA0-9FF3-BE4880427F97}.Debug|Any CPU.Build.0 = Debug|Any CPU
		{38405811-E921-4CA0-9FF3-BE4880427F97}.Release|Any CPU.ActiveCfg = Release|Any CPU
		{38405811-E921-4CA0-9FF3-BE4880427F97}.Release|Any CPU.Build.0 = Release|Any CPU
	EndGlobalSection
	GlobalSection(SolutionProperties) = preSolution
		HideSolutionNode = FALSE
	EndGlobalSection
	GlobalSection(ExtensibilityGlobals) = postSolution
		SolutionGuid = {9D385D17-E4C6-4BE1-B37D-19E4CA00E240}
	EndGlobalSection
EndGlobal
